
Microsoft Visual Studio Solution File, Format Version 12.00
# Visual Studio Version 17
VisualStudioVersion = 17.5.33414.496
MinimumVisualStudioVersion = 10.0.40219.1
Project("{FAE04EC0-301F-11D3-BF4B-00C04F79EFBC}") = "PersonlaWebsite", "PersonlaWebsite\PersonlaWebsite.csproj", "{75D03CA8-BBCB-4419-84A2-D8F617022ED6}"
EndProject
Global
	GlobalSection(SolutionConfigurationPlatforms) = preSolution
		Debug|Any CPU = Debug|Any CPU
		Release|Any CPU = Release|Any CPU
	EndGlobalSection
	GlobalSection(ProjectConfigurationPlatforms) = postSolution
		{75D03CA8-BBCB-4419-84A2-D8F617022ED6}.Debug|Any CPU.ActiveCfg = Debug|Any CPU
		{75D03CA8-BBCB-4419-84A2-D8F617022ED6}.Debug|Any CPU.Build.0 = Debug|Any CPU
		{75D03CA8-BBCB-4419-84A2-D8F617022ED6}.Release|Any CPU.ActiveCfg = Release|Any CPU
		{75D03CA8-BBCB-4419-84A2-D8F617022ED6}.Release|Any CPU.Build.0 = Release|Any CPU
	EndGlobalSection
	GlobalSection(SolutionProperties) = preSolution
		HideSolutionNode = FALSE
	EndGlobalSection
	GlobalSection(ExtensibilityGlobals) = postSolution
		SolutionGuid = {152C37E1-56C3-4391-96CA-C582FD210B69}
	EndGlobalSection
EndGlobal
